
Microsoft Visual Studio Solution File, Format Version 12.00
# Visual Studio Version 16
VisualStudioVersion = 16.0.28803.916
MinimumVisualStudioVersion = 10.0.40219.1
Project("{FAE04EC0-301F-11D3-BF4B-00C04F79EFBC}") = "Jogo_Senha", "Jogo_Senha\Jogo_Senha.csproj", "{882655BD-CC35-44EE-A3F4-44A87370280C}"
EndProject
Global
	GlobalSection(SolutionConfigurationPlatforms) = preSolution
		Debug|Any CPU = Debug|Any CPU
		Release|Any CPU = Release|Any CPU
	EndGlobalSection
	GlobalSection(ProjectConfigurationPlatforms) = postSolution
		{882655BD-CC35-44EE-A3F4-44A87370280C}.Debug|Any CPU.ActiveCfg = Debug|Any CPU
		{882655BD-CC35-44EE-A3F4-44A87370280C}.Debug|Any CPU.Build.0 = Debug|Any CPU
		{882655BD-CC35-44EE-A3F4-44A87370280C}.Release|Any CPU.ActiveCfg = Release|Any CPU
		{882655BD-CC35-44EE-A3F4-44A87370280C}.Release|Any CPU.Build.0 = Release|Any CPU
	EndGlobalSection
	GlobalSection(SolutionProperties) = preSolution
		HideSolutionNode = FALSE
	EndGlobalSection
	GlobalSection(ExtensibilityGlobals) = postSolution
		SolutionGuid = {939BFC8E-8B9F-4670-9BCD-07B84B9030BB}
	EndGlobalSection
EndGlobal
